
Microsoft Visual Studio Solution File, Format Version 12.00
# Visual Studio 15
VisualStudioVersion = 15.0.26730.10
MinimumVisualStudioVersion = 10.0.40219.1
Project("{FAE04EC0-301F-11D3-BF4B-00C04F79EFBC}") = "WebCore", "WebCore\WebCore.csproj", "{95C638ED-56AD-4802-AD7B-7D3839622281}"
EndProject
Global
	GlobalSection(SolutionConfigurationPlatforms) = preSolution
		Debug|Any CPU = Debug|Any CPU
		Release|Any CPU = Release|Any CPU
	EndGlobalSection
	GlobalSection(ProjectConfigurationPlatforms) = postSolution
		{95C638ED-56AD-4802-AD7B-7D3839622281}.Debug|Any CPU.ActiveCfg = Debug|Any CPU
		{95C638ED-56AD-4802-AD7B-7D3839622281}.Debug|Any CPU.Build.0 = Debug|Any CPU
		{95C638ED-56AD-4802-AD7B-7D3839622281}.Release|Any CPU.ActiveCfg = Release|Any CPU
		{95C638ED-56AD-4802-AD7B-7D3839622281}.Release|Any CPU.Build.0 = Release|Any CPU
	EndGlobalSection
	GlobalSection(SolutionProperties) = preSolution
		HideSolutionNode = FALSE
	EndGlobalSection
	GlobalSection(ExtensibilityGlobals) = postSolution
		SolutionGuid = {441AB540-EC1E-4016-BC1E-70EAEF0944A6}
	EndGlobalSection
EndGlobal
